
Microsoft Visual Studio Solution File, Format Version 12.00
# Visual Studio Version 17
VisualStudioVersion = 17.14.36414.22 d17.14
MinimumVisualStudioVersion = 10.0.40219.1
Project("{FAE04EC0-301F-11D3-BF4B-00C04F79EFBC}") = "ABCRetailers", "ABCRetailers.csproj", "{DF955F00-12DD-49A9-BB8C-9CA26ECD49D9}"
EndProject
Global
	GlobalSection(SolutionConfigurationPlatforms) = preSolution
		Debug|Any CPU = Debug|Any CPU
		Release|Any CPU = Release|Any CPU
	EndGlobalSection
	GlobalSection(ProjectConfigurationPlatforms) = postSolution
		{DF955F00-12DD-49A9-BB8C-9CA26ECD49D9}.Debug|Any CPU.ActiveCfg = Debug|Any CPU
		{DF955F00-12DD-49A9-BB8C-9CA26ECD49D9}.Debug|Any CPU.Build.0 = Debug|Any CPU
		{DF955F00-12DD-49A9-BB8C-9CA26ECD49D9}.Release|Any CPU.ActiveCfg = Release|Any CPU
		{DF955F00-12DD-49A9-BB8C-9CA26ECD49D9}.Release|Any CPU.Build.0 = Release|Any CPU
	EndGlobalSection
	GlobalSection(SolutionProperties) = preSolution
		HideSolutionNode = FALSE
	EndGlobalSection
	GlobalSection(ExtensibilityGlobals) = postSolution
		SolutionGuid = {C03A5505-D48A-4369-8158-D1FADE847E1C}
	EndGlobalSection
EndGlobal
